
Microsoft Visual Studio Solution File, Format Version 11.00
# Visual Studio 2010 Express for Windows Phone
Project("{FAE04EC0-301F-11D3-BF4B-00C04F79EFBC}") = "NewExample", "NewExample.csproj", "{A2B8E7CA-7441-48F5-B1DD-3138D4E8192B}"
EndProject
Global
	GlobalSection(SolutionConfigurationPlatforms) = preSolution
		Debug|Any CPU = Debug|Any CPU
		Release|Any CPU = Release|Any CPU
	EndGlobalSection
	GlobalSection(ProjectConfigurationPlatforms) = postSolution
		{A2B8E7CA-7441-48F5-B1DD-3138D4E8192B}.Debug|Any CPU.ActiveCfg = Debug|Any CPU
		{A2B8E7CA-7441-48F5-B1DD-3138D4E8192B}.Debug|Any CPU.Build.0 = Debug|Any CPU
		{A2B8E7CA-7441-48F5-B1DD-3138D4E8192B}.Debug|Any CPU.Deploy.0 = Debug|Any CPU
		{A2B8E7CA-7441-48F5-B1DD-3138D4E8192B}.Release|Any CPU.ActiveCfg = Release|Any CPU
		{A2B8E7CA-7441-48F5-B1DD-3138D4E8192B}.Release|Any CPU.Build.0 = Release|Any CPU
		{A2B8E7CA-7441-48F5-B1DD-3138D4E8192B}.Release|Any CPU.Deploy.0 = Release|Any CPU
	EndGlobalSection
	GlobalSection(SolutionProperties) = preSolution
		HideSolutionNode = FALSE
	EndGlobalSection
EndGlobal
